
Microsoft Visual Studio Solution File, Format Version 12.00
# Visual Studio Version 17
VisualStudioVersion = 17.2.32630.192
MinimumVisualStudioVersion = 10.0.40219.1
Project("{9A19103F-16F7-4668-BE54-9A1E7A4F7556}") = "R5T.T0146", "R5T.T0146\R5T.T0146.csproj", "{35ACD684-73A6-426C-80A7-7534B4B74A6F}"
EndProject
Project("{2150E333-8FDC-42A3-9474-1A3956D46DE8}") = "_Dependencies", "_Dependencies", "{118833DE-3418-4321-A88A-F8E57C4661EC}"
EndProject
Project("{9A19103F-16F7-4668-BE54-9A1E7A4F7556}") = "R5T.T0142", "..\..\R5T.T0142\source\R5T.T0142\R5T.T0142.csproj", "{8599DB7E-EA63-4D18-BC13-9CC9B9FF2208}"
EndProject
Project("{9A19103F-16F7-4668-BE54-9A1E7A4F7556}") = "R5T.T0143", "..\..\R5T.T0143\source\R5T.T0143\R5T.T0143.csproj", "{0B45707A-CCFD-4915-843A-AD763A674A93}"
EndProject
Project("{9A19103F-16F7-4668-BE54-9A1E7A4F7556}") = "R5T.T0132", "..\..\R5T.T0132\source\R5T.T0132\R5T.T0132.csproj", "{819E94F6-D3C1-4A28-BF2E-6C9F067C88FD}"
EndProject
Project("{9A19103F-16F7-4668-BE54-9A1E7A4F7556}") = "R5T.F0000", "..\..\R5T.F0000\source\R5T.F0000\R5T.F0000.csproj", "{398A4C2C-B7AB-4738-9455-39205693B78D}"
EndProject
Project("{9A19103F-16F7-4668-BE54-9A1E7A4F7556}") = "R5T.F0002", "..\..\R5T.F0002\source\R5T.F0002\R5T.F0002.csproj", "{CB3A00DD-10C1-47D7-9F2A-606EF2B5738D}"
EndProject
Project("{9A19103F-16F7-4668-BE54-9A1E7A4F7556}") = "R5T.F0032", "..\..\R5T.F0032\source\R5T.F0032\R5T.F0032.csproj", "{ECAAAEEB-F16C-494B-BE29-61A9D55752CB}"
EndProject
Project("{9A19103F-16F7-4668-BE54-9A1E7A4F7556}") = "R5T.L0053", "..\..\R5T.L0053\source\R5T.L0053\R5T.L0053.csproj", "{2349910F-930C-4B7E-A7E1-AFD636DDBF0F}"
EndProject
Project("{9A19103F-16F7-4668-BE54-9A1E7A4F7556}") = "R5T.NG0008", "..\..\R5T.NG0008\source\R5T.NG0008\R5T.NG0008.csproj", "{37D13AB5-AB58-408B-B976-C20E0A76C6B9}"
EndProject
Project("{9A19103F-16F7-4668-BE54-9A1E7A4F7556}") = "R5T.T0131", "..\..\R5T.T0131\source\R5T.T0131\R5T.T0131.csproj", "{931EDA0D-6CF1-44A2-AD41-AD4D601C87CB}"
EndProject
Project("{9A19103F-16F7-4668-BE54-9A1E7A4F7556}") = "R5T.T0156", "..\..\R5T.T0156\source\R5T.T0156\R5T.T0156.csproj", "{153A0824-E3D3-4D1E-A179-EE8C32CE19ED}"
EndProject
Project("{9A19103F-16F7-4668-BE54-9A1E7A4F7556}") = "R5T.Y0000", "..\..\R5T.Y0000\source\R5T.Y0000\R5T.Y0000.csproj", "{1077BF0E-BD68-45CC-A1A3-A1F8812BEEE4}"
EndProject
Project("{9A19103F-16F7-4668-BE54-9A1E7A4F7556}") = "R5T.Z0000", "..\..\R5T.Z0000\source\R5T.Z0000\R5T.Z0000.csproj", "{0754FE18-A814-432A-928F-3B4E226487E4}"
EndProject
Project("{9A19103F-16F7-4668-BE54-9A1E7A4F7556}") = "R5T.Z0010.Platform", "..\..\R5T.Z0010\source\R5T.Z0010.Platform\R5T.Z0010.Platform.csproj", "{113D90F5-40B9-4149-B420-57E5DFCD4AA9}"
EndProject
Global
	GlobalSection(NestedProjects) = preSolution
		{8599DB7E-EA63-4D18-BC13-9CC9B9FF2208} = {118833DE-3418-4321-A88A-F8E57C4661EC}
		{0B45707A-CCFD-4915-843A-AD763A674A93} = {118833DE-3418-4321-A88A-F8E57C4661EC}
		{819E94F6-D3C1-4A28-BF2E-6C9F067C88FD} = {118833DE-3418-4321-A88A-F8E57C4661EC}
		{398A4C2C-B7AB-4738-9455-39205693B78D} = {118833DE-3418-4321-A88A-F8E57C4661EC}
		{CB3A00DD-10C1-47D7-9F2A-606EF2B5738D} = {118833DE-3418-4321-A88A-F8E57C4661EC}
		{ECAAAEEB-F16C-494B-BE29-61A9D55752CB} = {118833DE-3418-4321-A88A-F8E57C4661EC}
		{2349910F-930C-4B7E-A7E1-AFD636DDBF0F} = {118833DE-3418-4321-A88A-F8E57C4661EC}
		{37D13AB5-AB58-408B-B976-C20E0A76C6B9} = {118833DE-3418-4321-A88A-F8E57C4661EC}
		{931EDA0D-6CF1-44A2-AD41-AD4D601C87CB} = {118833DE-3418-4321-A88A-F8E57C4661EC}
		{153A0824-E3D3-4D1E-A179-EE8C32CE19ED} = {118833DE-3418-4321-A88A-F8E57C4661EC}
		{1077BF0E-BD68-45CC-A1A3-A1F8812BEEE4} = {118833DE-3418-4321-A88A-F8E57C4661EC}
		{0754FE18-A814-432A-928F-3B4E226487E4} = {118833DE-3418-4321-A88A-F8E57C4661EC}
		{113D90F5-40B9-4149-B420-57E5DFCD4AA9} = {118833DE-3418-4321-A88A-F8E57C4661EC}
	EndGlobalSection
	GlobalSection(SolutionConfigurationPlatforms) = preSolution
		Debug|Any CPU = Debug|Any CPU
		Release|Any CPU = Release|Any CPU
	EndGlobalSection
	GlobalSection(ProjectConfigurationPlatforms) = postSolution
		{35ACD684-73A6-426C-80A7-7534B4B74A6F}.Debug|Any CPU.ActiveCfg = Debug|Any CPU
		{35ACD684-73A6-426C-80A7-7534B4B74A6F}.Debug|Any CPU.Build.0 = Debug|Any CPU
		{35ACD684-73A6-426C-80A7-7534B4B74A6F}.Release|Any CPU.ActiveCfg = Release|Any CPU
		{35ACD684-73A6-426C-80A7-7534B4B74A6F}.Release|Any CPU.Build.0 = Release|Any CPU
		{8599DB7E-EA63-4D18-BC13-9CC9B9FF2208}.Debug|Any CPU.ActiveCfg = Debug|Any CPU
		{8599DB7E-EA63-4D18-BC13-9CC9B9FF2208}.Debug|Any CPU.Build.0 = Debug|Any CPU
		{8599DB7E-EA63-4D18-BC13-9CC9B9FF2208}.Release|Any CPU.ActiveCfg = Release|Any CPU
		{8599DB7E-EA63-4D18-BC13-9CC9B9FF2208}.Release|Any CPU.Build.0 = Release|Any CPU
		{0B45707A-CCFD-4915-843A-AD763A674A93}.Debug|Any CPU.ActiveCfg = Debug|Any CPU
		{0B45707A-CCFD-4915-843A-AD763A674A93}.Debug|Any CPU.Build.0 = Debug|Any CPU
		{0B45707A-CCFD-4915-843A-AD763A674A93}.Release|Any CPU.ActiveCfg = Release|Any CPU
		{0B45707A-CCFD-4915-843A-AD763A674A93}.Release|Any CPU.Build.0 = Release|Any CPU
		{819E94F6-D3C1-4A28-BF2E-6C9F067C88FD}.Debug|Any CPU.ActiveCfg = Debug|Any CPU
		{819E94F6-D3C1-4A28-BF2E-6C9F067C88FD}.Debug|Any CPU.Build.0 = Debug|Any CPU
		{819E94F6-D3C1-4A28-BF2E-6C9F067C88FD}.Release|Any CPU.ActiveCfg = Release|Any CPU
		{819E94F6-D3C1-4A28-BF2E-6C9F067C88FD}.Release|Any CPU.Build.0 = Release|Any CPU
		{398A4C2C-B7AB-4738-9455-39205693B78D}.Debug|Any CPU.ActiveCfg = Debug|Any CPU
		{398A4C2C-B7AB-4738-9455-39205693B78D}.Debug|Any CPU.Build.0 = Debug|Any CPU
		{398A4C2C-B7AB-4738-9455-39205693B78D}.Release|Any CPU.ActiveCfg = Release|Any CPU
		{398A4C2C-B7AB-4738-9455-39205693B78D}.Release|Any CPU.Build.0 = Release|Any CPU
		{CB3A00DD-10C1-47D7-9F2A-606EF2B5738D}.Debug|Any CPU.ActiveCfg = Debug|Any CPU
		{CB3A00DD-10C1-47D7-9F2A-606EF2B5738D}.Debug|Any CPU.Build.0 = Debug|Any CPU
		{CB3A00DD-10C1-47D7-9F2A-606EF2B5738D}.Release|Any CPU.ActiveCfg = Release|Any CPU
		{CB3A00DD-10C1-47D7-9F2A-606EF2B5738D}.Release|Any CPU.Build.0 = Release|Any CPU
		{ECAAAEEB-F16C-494B-BE29-61A9D55752CB}.Debug|Any CPU.ActiveCfg = Debug|Any CPU
		{ECAAAEEB-F16C-494B-BE29-61A9D55752CB}.Debug|Any CPU.Build.0 = Debug|Any CPU
		{ECAAAEEB-F16C-494B-BE29-61A9D55752CB}.Release|Any CPU.ActiveCfg = Release|Any CPU
		{ECAAAEEB-F16C-494B-BE29-61A9D55752CB}.Release|Any CPU.Build.0 = Release|Any CPU
		{2349910F-930C-4B7E-A7E1-AFD636DDBF0F}.Debug|Any CPU.ActiveCfg = Debug|Any CPU
		{2349910F-930C-4B7E-A7E1-AFD636DDBF0F}.Debug|Any CPU.Build.0 = Debug|Any CPU
		{2349910F-930C-4B7E-A7E1-AFD636DDBF0F}.Release|Any CPU.ActiveCfg = Release|Any CPU
		{2349910F-930C-4B7E-A7E1-AFD636DDBF0F}.Release|Any CPU.Build.0 = Release|Any CPU
		{37D13AB5-AB58-408B-B976-C20E0A76C6B9}.Debug|Any CPU.ActiveCfg = Debug|Any CPU
		{37D13AB5-AB58-408B-B976-C20E0A76C6B9}.Debug|Any CPU.Build.0 = Debug|Any CPU
		{37D13AB5-AB58-408B-B976-C20E0A76C6B9}.Release|Any CPU.ActiveCfg = Release|Any CPU
		{37D13AB5-AB58-408B-B976-C20E0A76C6B9}.Release|Any CPU.Build.0 = Release|Any CPU
		{931EDA0D-6CF1-44A2-AD41-AD4D601C87CB}.Debug|Any CPU.ActiveCfg = Debug|Any CPU
		{931EDA0D-6CF1-44A2-AD41-AD4D601C87CB}.Debug|Any CPU.Build.0 = Debug|Any CPU
		{931EDA0D-6CF1-44A2-AD41-AD4D601C87CB}.Release|Any CPU.ActiveCfg = Release|Any CPU
		{931EDA0D-6CF1-44A2-AD41-AD4D601C87CB}.Release|Any CPU.Build.0 = Release|Any CPU
		{153A0824-E3D3-4D1E-A179-EE8C32CE19ED}.Debug|Any CPU.ActiveCfg = Debug|Any CPU
		{153A0824-E3D3-4D1E-A179-EE8C32CE19ED}.Debug|Any CPU.Build.0 = Debug|Any CPU
		{153A0824-E3D3-4D1E-A179-EE8C32CE19ED}.Release|Any CPU.ActiveCfg = Release|Any CPU
		{153A0824-E3D3-4D1E-A179-EE8C32CE19ED}.Release|Any CPU.Build.0 = Release|Any CPU
		{1077BF0E-BD68-45CC-A1A3-A1F8812BEEE4}.Debug|Any CPU.ActiveCfg = Debug|Any CPU
		{1077BF0E-BD68-45CC-A1A3-A1F8812BEEE4}.Debug|Any CPU.Build.0 = Debug|Any CPU
		{1077BF0E-BD68-45CC-A1A3-A1F8812BEEE4}.Release|Any CPU.ActiveCfg = Release|Any CPU
		{1077BF0E-BD68-45CC-A1A3-A1F8812BEEE4}.Release|Any CPU.Build.0 = Release|Any CPU
		{0754FE18-A814-432A-928F-3B4E226487E4}.Debug|Any CPU.ActiveCfg = Debug|Any CPU
		{0754FE18-A814-432A-928F-3B4E226487E4}.Debug|Any CPU.Build.0 = Debug|Any CPU
		{0754FE18-A814-432A-928F-3B4E226487E4}.Release|Any CPU.ActiveCfg = Release|Any CPU
		{0754FE18-A814-432A-928F-3B4E226487E4}.Release|Any CPU.Build.0 = Release|Any CPU
		{113D90F5-40B9-4149-B420-57E5DFCD4AA9}.Debug|Any CPU.ActiveCfg = Debug|Any CPU
		{113D90F5-40B9-4149-B420-57E5DFCD4AA9}.Debug|Any CPU.Build.0 = Debug|Any CPU
		{113D90F5-40B9-4149-B420-57E5DFCD4AA9}.Release|Any CPU.ActiveCfg = Release|Any CPU
		{113D90F5-40B9-4149-B420-57E5DFCD4AA9}.Release|Any CPU.Build.0 = Release|Any CPU
	EndGlobalSection
	GlobalSection(SolutionProperties) = preSolution
		HideSolutionNode = FALSE
	EndGlobalSection
	GlobalSection(ExtensibilityGlobals) = postSolution
		SolutionGuid = {3F81D15C-A26D-4035-A0A3-B81198DC5321}
	EndGlobalSection
EndGlobal
