
Microsoft Visual Studio Solution File, Format Version 12.00
# Visual Studio Version 17
VisualStudioVersion = 17.2.32630.192
MinimumVisualStudioVersion = 10.0.40219.1
Project("{9A19103F-16F7-4668-BE54-9A1E7A4F7556}") = "R5T.T0146", "R5T.T0146\R5T.T0146.csproj", "{35ACD684-73A6-426C-80A7-7534B4B74A6F}"
EndProject
Project("{2150E333-8FDC-42A3-9474-1A3956D46DE8}") = "_Dependencies", "_Dependencies", "{118833DE-3418-4321-A88A-F8E57C4661EC}"
EndProject
Project("{9A19103F-16F7-4668-BE54-9A1E7A4F7556}") = "R5T.T0142", "..\..\R5T.T0142\source\R5T.T0142\R5T.T0142.csproj", "{8599DB7E-EA63-4D18-BC13-9CC9B9FF2208}"
EndProject
Project("{9A19103F-16F7-4668-BE54-9A1E7A4F7556}") = "R5T.T0143", "..\..\R5T.T0143\source\R5T.T0143\R5T.T0143.csproj", "{0B45707A-CCFD-4915-843A-AD763A674A93}"
EndProject
Project("{9A19103F-16F7-4668-BE54-9A1E7A4F7556}") = "R5T.T0132", "..\..\R5T.T0132\source\R5T.T0132\R5T.T0132.csproj", "{819E94F6-D3C1-4A28-BF2E-6C9F067C88FD}"
EndProject
Project("{9A19103F-16F7-4668-BE54-9A1E7A4F7556}") = "R5T.T0146.Construction", "R5T.T0146.Construction\R5T.T0146.Construction.csproj", "{7659FD46-D28F-46C3-B72F-6322D0117B54}"
EndProject
Project("{9A19103F-16F7-4668-BE54-9A1E7A4F7556}") = "R5T.T0141", "..\..\R5T.T0141\source\R5T.T0141\R5T.T0141.csproj", "{947AA11E-AFF6-4815-BB14-2835E73F0CA5}"
EndProject
Project("{9A19103F-16F7-4668-BE54-9A1E7A4F7556}") = "R5T.F0000", "..\..\R5T.F0000\source\R5T.F0000\R5T.F0000.csproj", "{1C9DE712-6099-407F-B0BB-3822A85EFB93}"
EndProject
Project("{9A19103F-16F7-4668-BE54-9A1E7A4F7556}") = "R5T.T0146.F001", "R5T.T0146.F001\R5T.T0146.F001.csproj", "{63BA0469-1336-4709-816B-8D42856D1605}"
EndProject
Project("{9A19103F-16F7-4668-BE54-9A1E7A4F7556}") = "R5T.F0002", "..\..\R5T.F0002\source\R5T.F0002\R5T.F0002.csproj", "{032C1FCE-890B-47A2-AA39-5902FA04AF13}"
EndProject
Project("{9A19103F-16F7-4668-BE54-9A1E7A4F7556}") = "R5T.F0032", "..\..\R5T.F0032\source\R5T.F0032\R5T.F0032.csproj", "{AEA488EE-CA0D-4B1F-B58D-B8395BEFAAEF}"
EndProject
Project("{9A19103F-16F7-4668-BE54-9A1E7A4F7556}") = "R5T.NG0008", "..\..\R5T.NG0008\source\R5T.NG0008\R5T.NG0008.csproj", "{6A16494F-B728-4F8A-B68C-E76AD2612457}"
EndProject
Project("{9A19103F-16F7-4668-BE54-9A1E7A4F7556}") = "R5T.T0131", "..\..\R5T.T0131\source\R5T.T0131\R5T.T0131.csproj", "{A08F1556-554E-4E15-8E86-975DDB811126}"
EndProject
Project("{9A19103F-16F7-4668-BE54-9A1E7A4F7556}") = "R5T.Y0000", "..\..\R5T.Y0000\source\R5T.Y0000\R5T.Y0000.csproj", "{9081A734-FAA1-43D9-BDBF-1A315243041E}"
EndProject
Project("{9A19103F-16F7-4668-BE54-9A1E7A4F7556}") = "R5T.Z0000", "..\..\R5T.Z0000\source\R5T.Z0000\R5T.Z0000.csproj", "{64DBB289-7931-4BEA-B091-89D3828F75AE}"
EndProject
Project("{9A19103F-16F7-4668-BE54-9A1E7A4F7556}") = "R5T.T0156", "..\..\R5T.T0156\source\R5T.T0156\R5T.T0156.csproj", "{7D47C188-9D0C-4889-8EB2-1873E350CAB9}"
EndProject
Global
	GlobalSection(NestedProjects) = preSolution
		{8599DB7E-EA63-4D18-BC13-9CC9B9FF2208} = {118833DE-3418-4321-A88A-F8E57C4661EC}
		{0B45707A-CCFD-4915-843A-AD763A674A93} = {118833DE-3418-4321-A88A-F8E57C4661EC}
		{819E94F6-D3C1-4A28-BF2E-6C9F067C88FD} = {118833DE-3418-4321-A88A-F8E57C4661EC}
		{947AA11E-AFF6-4815-BB14-2835E73F0CA5} = {118833DE-3418-4321-A88A-F8E57C4661EC}
		{1C9DE712-6099-407F-B0BB-3822A85EFB93} = {118833DE-3418-4321-A88A-F8E57C4661EC}
		{032C1FCE-890B-47A2-AA39-5902FA04AF13} = {118833DE-3418-4321-A88A-F8E57C4661EC}
		{AEA488EE-CA0D-4B1F-B58D-B8395BEFAAEF} = {118833DE-3418-4321-A88A-F8E57C4661EC}
		{6A16494F-B728-4F8A-B68C-E76AD2612457} = {118833DE-3418-4321-A88A-F8E57C4661EC}
		{A08F1556-554E-4E15-8E86-975DDB811126} = {118833DE-3418-4321-A88A-F8E57C4661EC}
		{9081A734-FAA1-43D9-BDBF-1A315243041E} = {118833DE-3418-4321-A88A-F8E57C4661EC}
		{64DBB289-7931-4BEA-B091-89D3828F75AE} = {118833DE-3418-4321-A88A-F8E57C4661EC}
		{7D47C188-9D0C-4889-8EB2-1873E350CAB9} = {118833DE-3418-4321-A88A-F8E57C4661EC}
	EndGlobalSection
	GlobalSection(SolutionConfigurationPlatforms) = preSolution
		Debug|Any CPU = Debug|Any CPU
		Release|Any CPU = Release|Any CPU
	EndGlobalSection
	GlobalSection(ProjectConfigurationPlatforms) = postSolution
		{35ACD684-73A6-426C-80A7-7534B4B74A6F}.Debug|Any CPU.ActiveCfg = Debug|Any CPU
		{35ACD684-73A6-426C-80A7-7534B4B74A6F}.Debug|Any CPU.Build.0 = Debug|Any CPU
		{35ACD684-73A6-426C-80A7-7534B4B74A6F}.Release|Any CPU.ActiveCfg = Release|Any CPU
		{35ACD684-73A6-426C-80A7-7534B4B74A6F}.Release|Any CPU.Build.0 = Release|Any CPU
		{8599DB7E-EA63-4D18-BC13-9CC9B9FF2208}.Debug|Any CPU.ActiveCfg = Debug|Any CPU
		{8599DB7E-EA63-4D18-BC13-9CC9B9FF2208}.Debug|Any CPU.Build.0 = Debug|Any CPU
		{8599DB7E-EA63-4D18-BC13-9CC9B9FF2208}.Release|Any CPU.ActiveCfg = Release|Any CPU
		{8599DB7E-EA63-4D18-BC13-9CC9B9FF2208}.Release|Any CPU.Build.0 = Release|Any CPU
		{0B45707A-CCFD-4915-843A-AD763A674A93}.Debug|Any CPU.ActiveCfg = Debug|Any CPU
		{0B45707A-CCFD-4915-843A-AD763A674A93}.Debug|Any CPU.Build.0 = Debug|Any CPU
		{0B45707A-CCFD-4915-843A-AD763A674A93}.Release|Any CPU.ActiveCfg = Release|Any CPU
		{0B45707A-CCFD-4915-843A-AD763A674A93}.Release|Any CPU.Build.0 = Release|Any CPU
		{819E94F6-D3C1-4A28-BF2E-6C9F067C88FD}.Debug|Any CPU.ActiveCfg = Debug|Any CPU
		{819E94F6-D3C1-4A28-BF2E-6C9F067C88FD}.Debug|Any CPU.Build.0 = Debug|Any CPU
		{819E94F6-D3C1-4A28-BF2E-6C9F067C88FD}.Release|Any CPU.ActiveCfg = Release|Any CPU
		{819E94F6-D3C1-4A28-BF2E-6C9F067C88FD}.Release|Any CPU.Build.0 = Release|Any CPU
		{7659FD46-D28F-46C3-B72F-6322D0117B54}.Debug|Any CPU.ActiveCfg = Debug|Any CPU
		{7659FD46-D28F-46C3-B72F-6322D0117B54}.Debug|Any CPU.Build.0 = Debug|Any CPU
		{7659FD46-D28F-46C3-B72F-6322D0117B54}.Release|Any CPU.ActiveCfg = Release|Any CPU
		{7659FD46-D28F-46C3-B72F-6322D0117B54}.Release|Any CPU.Build.0 = Release|Any CPU
		{947AA11E-AFF6-4815-BB14-2835E73F0CA5}.Debug|Any CPU.ActiveCfg = Debug|Any CPU
		{947AA11E-AFF6-4815-BB14-2835E73F0CA5}.Debug|Any CPU.Build.0 = Debug|Any CPU
		{947AA11E-AFF6-4815-BB14-2835E73F0CA5}.Release|Any CPU.ActiveCfg = Release|Any CPU
		{947AA11E-AFF6-4815-BB14-2835E73F0CA5}.Release|Any CPU.Build.0 = Release|Any CPU
		{1C9DE712-6099-407F-B0BB-3822A85EFB93}.Debug|Any CPU.ActiveCfg = Debug|Any CPU
		{1C9DE712-6099-407F-B0BB-3822A85EFB93}.Debug|Any CPU.Build.0 = Debug|Any CPU
		{1C9DE712-6099-407F-B0BB-3822A85EFB93}.Release|Any CPU.ActiveCfg = Release|Any CPU
		{1C9DE712-6099-407F-B0BB-3822A85EFB93}.Release|Any CPU.Build.0 = Release|Any CPU
		{63BA0469-1336-4709-816B-8D42856D1605}.Debug|Any CPU.ActiveCfg = Debug|Any CPU
		{63BA0469-1336-4709-816B-8D42856D1605}.Debug|Any CPU.Build.0 = Debug|Any CPU
		{63BA0469-1336-4709-816B-8D42856D1605}.Release|Any CPU.ActiveCfg = Release|Any CPU
		{63BA0469-1336-4709-816B-8D42856D1605}.Release|Any CPU.Build.0 = Release|Any CPU
		{032C1FCE-890B-47A2-AA39-5902FA04AF13}.Debug|Any CPU.ActiveCfg = Debug|Any CPU
		{032C1FCE-890B-47A2-AA39-5902FA04AF13}.Debug|Any CPU.Build.0 = Debug|Any CPU
		{032C1FCE-890B-47A2-AA39-5902FA04AF13}.Release|Any CPU.ActiveCfg = Release|Any CPU
		{032C1FCE-890B-47A2-AA39-5902FA04AF13}.Release|Any CPU.Build.0 = Release|Any CPU
		{AEA488EE-CA0D-4B1F-B58D-B8395BEFAAEF}.Debug|Any CPU.ActiveCfg = Debug|Any CPU
		{AEA488EE-CA0D-4B1F-B58D-B8395BEFAAEF}.Debug|Any CPU.Build.0 = Debug|Any CPU
		{AEA488EE-CA0D-4B1F-B58D-B8395BEFAAEF}.Release|Any CPU.ActiveCfg = Release|Any CPU
		{AEA488EE-CA0D-4B1F-B58D-B8395BEFAAEF}.Release|Any CPU.Build.0 = Release|Any CPU
		{6A16494F-B728-4F8A-B68C-E76AD2612457}.Debug|Any CPU.ActiveCfg = Debug|Any CPU
		{6A16494F-B728-4F8A-B68C-E76AD2612457}.Debug|Any CPU.Build.0 = Debug|Any CPU
		{6A16494F-B728-4F8A-B68C-E76AD2612457}.Release|Any CPU.ActiveCfg = Release|Any CPU
		{6A16494F-B728-4F8A-B68C-E76AD2612457}.Release|Any CPU.Build.0 = Release|Any CPU
		{A08F1556-554E-4E15-8E86-975DDB811126}.Debug|Any CPU.ActiveCfg = Debug|Any CPU
		{A08F1556-554E-4E15-8E86-975DDB811126}.Debug|Any CPU.Build.0 = Debug|Any CPU
		{A08F1556-554E-4E15-8E86-975DDB811126}.Release|Any CPU.ActiveCfg = Release|Any CPU
		{A08F1556-554E-4E15-8E86-975DDB811126}.Release|Any CPU.Build.0 = Release|Any CPU
		{9081A734-FAA1-43D9-BDBF-1A315243041E}.Debug|Any CPU.ActiveCfg = Debug|Any CPU
		{9081A734-FAA1-43D9-BDBF-1A315243041E}.Debug|Any CPU.Build.0 = Debug|Any CPU
		{9081A734-FAA1-43D9-BDBF-1A315243041E}.Release|Any CPU.ActiveCfg = Release|Any CPU
		{9081A734-FAA1-43D9-BDBF-1A315243041E}.Release|Any CPU.Build.0 = Release|Any CPU
		{64DBB289-7931-4BEA-B091-89D3828F75AE}.Debug|Any CPU.ActiveCfg = Debug|Any CPU
		{64DBB289-7931-4BEA-B091-89D3828F75AE}.Debug|Any CPU.Build.0 = Debug|Any CPU
		{64DBB289-7931-4BEA-B091-89D3828F75AE}.Release|Any CPU.ActiveCfg = Release|Any CPU
		{64DBB289-7931-4BEA-B091-89D3828F75AE}.Release|Any CPU.Build.0 = Release|Any CPU
		{7D47C188-9D0C-4889-8EB2-1873E350CAB9}.Debug|Any CPU.ActiveCfg = Debug|Any CPU
		{7D47C188-9D0C-4889-8EB2-1873E350CAB9}.Debug|Any CPU.Build.0 = Debug|Any CPU
		{7D47C188-9D0C-4889-8EB2-1873E350CAB9}.Release|Any CPU.ActiveCfg = Release|Any CPU
		{7D47C188-9D0C-4889-8EB2-1873E350CAB9}.Release|Any CPU.Build.0 = Release|Any CPU
	EndGlobalSection
	GlobalSection(SolutionProperties) = preSolution
		HideSolutionNode = FALSE
	EndGlobalSection
	GlobalSection(ExtensibilityGlobals) = postSolution
		SolutionGuid = {3F81D15C-A26D-4035-A0A3-B81198DC5321}
	EndGlobalSection
EndGlobal
